
Microsoft Visual Studio Solution File, Format Version 12.00
# Visual Studio 14
VisualStudioVersion = 14.0.25420.1
MinimumVisualStudioVersion = 10.0.40219.1
Project("{FAE04EC0-301F-11D3-BF4B-00C04F79EFBC}") = "Toolbelt.Upserter", "Toolbelt.Upserter\Toolbelt.Upserter.csproj", "{B8DD6A55-5C9C-44D5-9067-C8662960F19B}"
EndProject
Project("{FAE04EC0-301F-11D3-BF4B-00C04F79EFBC}") = "Toolbelt.Upserter.Tests", "Toolbelt.Upserter.Tests\Toolbelt.Upserter.Tests.csproj", "{31DF2E31-11B5-45C8-A6E4-E1659576A754}"
EndProject
Global
	GlobalSection(SolutionConfigurationPlatforms) = preSolution
		Debug|Any CPU = Debug|Any CPU
		Release|Any CPU = Release|Any CPU
	EndGlobalSection
	GlobalSection(ProjectConfigurationPlatforms) = postSolution
		{B8DD6A55-5C9C-44D5-9067-C8662960F19B}.Debug|Any CPU.ActiveCfg = Debug|Any CPU
		{B8DD6A55-5C9C-44D5-9067-C8662960F19B}.Debug|Any CPU.Build.0 = Debug|Any CPU
		{B8DD6A55-5C9C-44D5-9067-C8662960F19B}.Release|Any CPU.ActiveCfg = Release|Any CPU
		{B8DD6A55-5C9C-44D5-9067-C8662960F19B}.Release|Any CPU.Build.0 = Release|Any CPU
		{31DF2E31-11B5-45C8-A6E4-E1659576A754}.Debug|Any CPU.ActiveCfg = Debug|Any CPU
		{31DF2E31-11B5-45C8-A6E4-E1659576A754}.Debug|Any CPU.Build.0 = Debug|Any CPU
		{31DF2E31-11B5-45C8-A6E4-E1659576A754}.Release|Any CPU.ActiveCfg = Release|Any CPU
		{31DF2E31-11B5-45C8-A6E4-E1659576A754}.Release|Any CPU.Build.0 = Release|Any CPU
	EndGlobalSection
	GlobalSection(SolutionProperties) = preSolution
		HideSolutionNode = FALSE
	EndGlobalSection
EndGlobal
